{
  "requires": true,
  "lockfileVersion": 1,
  "dependencies": {
    "zsh-pyenv": {
      "version": "1.2.17",
      "resolved": "https://registry.npmjs.org/zsh-pyenv/-/zsh-pyenv-1.2.17.tgz",
      "integrity": "sha512-TGedkSzMki6nOCRdA7bx1QX++ust5Q1Ao7FUDKMiYBNkMjmZ9qs66FGJ2Phjft9cPOkC5TREfd6eOMppZktbEg=="
    }
  }
}
